{
    "_meta": {
        "hash": {
            "sha256": "1f741a2aa6663478edd3260b22217f118f4e9142d256d3b202d6ce0c7fc2d088"
        },
        "pipfile-spec": 6,
        "requires": {
            "python_version": "3.10"
        },
        "sources": [
            {
                "name": "pypi",
                "url": "https://pypi.org/simple",
                "verify_ssl": true
            }
        ]
    },
    "default": {
        "pygame": {
            "hashes": [
                "sha256:0569da1cdf4d97007778d94029cf3ba1c00d20328215f64ab7f0c8dd02d3f0e5",
                "sha256:0670db0548b05808d40f7b933b19ad0a306307f781ab0caf54f446c8458283a6",
                "sha256:12ed84495e16c7fd0cf20274bcb393f2baa381006b76178e1c1ba1bd5c7d576d",
                "sha256:14b68873a43b9bf1f7545a97c2c66af24c1e36b84037dda1440fbdff02e6fcc2",
                "sha256:16cc52a0baf207fe658e916fe24ba6d19c03603bdf8864d74f48eea5893f6c93",
                "sha256:1f93be0c0b3205c23d50a083ca3f15767f3889d2cf1c1b59e9e735c30b519727",
                "sha256:23ddd428cc61d67a45495ecae4b4ee913207c365b0286e7239c2b766ddf9b3c3",
                "sha256:278a632f959ef46895229a6b34f606587733783a324614a2a151c8ec94e9e945",
                "sha256:28b5243ee38dc5b918d1e23e0459a077a326066d1b6dbcfc8b23d76d0a0a72a0",
                "sha256:292b730a250735907778ba66aa4f71b538a9e6c304935d62dfb5ba067bf2bb8b",
                "sha256:2c8b55801eef55da6543b555db9ea80853a3d82f58df30c200e66b2478f470f3",
                "sha256:32afce15fb1879d671a7a3d94be2a50fd0f94064e28495dfa60ce92bfe4a51e5",
                "sha256:37b7f695d2c211334caa1b96724560f52fe3e4f3968148db0cc93c8499ef5fc6",
                "sha256:45350170e44365855517b06249a61a435e3fd7888b38b12017f16581ed800403",
                "sha256:481521cb181a91ce139287c463811ca849434e993ce2d214d53305a629eff58e",
                "sha256:5ba319ceff530ef3ded2d1df14670f1d8622184ab642644c82afe96c7b822f03",
                "sha256:733dc7ca626632999620552f3df7b3a5bc65c155effe3eb6bddf5957e7098746",
                "sha256:76518e6af055fc930377cc503dcd3db0aea56258536822556886b781770ba811",
                "sha256:776c81675ba4bc0c9e2b87634135bea57b59eda2a4b6c249357844f22c1c3a0c",
                "sha256:8699978b2ae68ea920f2f2b0fb38082885fd3dbbb2a76a2c9555cf028b3544ab",
                "sha256:8728ad6f7bbf09ceef06780d88da8788fd22c746b00bd1eed59308fc99fb2c79",
                "sha256:87f20a6b5189ac48b057c687890624224236bfd009a43daf6d1d4aadf9aaa026",
                "sha256:896cbaf0a9a3753d58c41acfa988d53d612173d4f6e16dd6a85054a6b5e0a3e9",
                "sha256:8ec29f2e796843ed75059f2caa7d0039b24367e594072dfbf13d1511f7b11581",
                "sha256:8ff07e9d75b63bf006267985eebf48e1761c3c85186e2e3cb723fd613ab068a6",
                "sha256:8ff83f3d40811d3d72e75cd3a56a1006f78e53c68e8bb03eb98743318d21fa8e",
                "sha256:901410dd7ffb44929522b10e01d4e873517174904b6df71783229cc177eb7489",
                "sha256:94b5811a12b14d9a832e38abc718407f19c5b02aa66ea2bbf3ed4afd6e0b4821",
                "sha256:99fc1fb562bedcd4002847234845ca26e6abebad901ed5860cf6c6b05da649a5",
                "sha256:9d213c13afcbf3a509df26cf6872f09fbaa74cdfaa807a54e4a7e3618cb0a61b",
                "sha256:9e665c2899ff29d25f645dce5570fe72cc94e66c4e4a2b0db411ce5c7ae28858",
                "sha256:9eaa1fe36b9755f3297e4f109ab04e3cccfe5c36e829ca1485e538a1b22491d1",
                "sha256:a1fde2cfe09ea0fb8c883cb3964b629b674ef8cce6afe965c9a04baa0d5378aa",
                "sha256:a8ea53696cf06310ccbde5e3c52ab3052149d0e36e557640f90e44ef9a308104",
                "sha256:ac339e11130c8c4981b8911b3dab1d9f44bf0808f82fc0962a5bfb9e1c692d0f",
                "sha256:accb03f6231afcc7ac6b228850cbe0e2de038c71242478210a9849797e5e58da",
                "sha256:b1a1c7c8c12b677b17dac45d9d1d4ea2aeaf6f4323ebd8729d7edaf2c62f0a8f",
                "sha256:b3f16cacdfd3f24293836fd271380450399da2e2ec97721f9db383e3e0fa378d",
                "sha256:b608d08a5e0eda1895c72730ca9fff16e7a2bd6be42d2090e1f1dfde5f831bbd",
                "sha256:c688fdefa07ba4be1f41bfdec054f7f0a91e2099a1352d483adbae5ef46ea53b",
                "sha256:d091d0edcc1cbc06954aa0bbd0363466e7d063104f4372edcf06bf480984b1f3",
                "sha256:d1c100d6f8b44d304b3c2963f89b6b7c85203869118e39e4973da4ca82b8e8ca",
                "sha256:d846927c261e526a134bac7bc71bed5b86ddb1cdb1cb94091171000ff0a0b95c",
                "sha256:db7cdab274e6f50767a050c12328652d0944b88ccd98c629ec9e728fdb7c2a4f",
                "sha256:dd38fae8bb228ab50d90e180a144de21317a7f7d4cf842e81c48e2d2971bdf47",
                "sha256:e1d450d2100c917240542dac37c76e5696470243c91d6dea0f29229cb5c5b512",
                "sha256:e1ec811ab1d17a9a6db037225d57093130846ce677971e1abb97e2d03ddff2f9",
                "sha256:ea34497b4aa7086ed35a431270b96b1652dffa63d747d3277fde827dc6d8681c",
                "sha256:eb3b4d1f93338f6674caf39afe376691517aaaa666ae264c634edf8813610bdb",
                "sha256:ed9b37207baad612c7dfc93d805c07c32e3dcd15a4ea22967b323a0fc184758a",
                "sha256:ee3a3b9a43c3d54e8a9861da36cc38caa495fc6ad0be4abab84a2eb80d361e16",
                "sha256:f02518119f4482a82f2ad3d03139015440300e1a7c398c0d34f5a54aeca1c0dc",
                "sha256:f5457eefa25ccf5bcffd5f9edcc01012b28ea61fe1e1c1365203d025ca4662b0",
                "sha256:f5a8247ab20570c79ae4b2c19bb4430d2f6f39b100d8eadea6f46afb17f3bf88",
                "sha256:f6df528e1cac2ff71fb7964cb219c747824985e201132d0018dd6bb87d587d1c",
                "sha256:fceb1d4a06c9671b605cf53aa3eb0dbc75da04120a2f149656efef4daea61b0c",
                "sha256:fd71c2948d0482e5d0bad90c2f5554d9eba08e97b4e571e0ad277064692e5ac1",
                "sha256:ff2461988488820fec9535fcce5b50dc64e0269c7001c37b21f56ba74277e082"
            ],
            "index": "pypi",
            "version": "==2.1.3.dev4"
        }
    },
    "develop": {
        "black": {
            "hashes": [
                "sha256:0a12e4e1353819af41df998b02c6742643cfef58282915f781d0e4dd7a200411",
                "sha256:0ad827325a3a634bae88ae7747db1a395d5ee02cf05d9aa7a9bd77dfb10e940c",
                "sha256:32a4b17f644fc288c6ee2bafdf5e3b045f4eff84693ac069d87b1a347d861497",
                "sha256:3b2c25f8dea5e8444bdc6788a2f543e1fb01494e144480bc17f806178378005e",
                "sha256:4a098a69a02596e1f2a58a2a1c8d5a05d5a74461af552b371e82f9fa4ada8342",
                "sha256:5107ea36b2b61917956d018bd25129baf9ad1125e39324a9b18248d362156a27",
                "sha256:53198e28a1fb865e9fe97f88220da2e44df6da82b18833b588b1883b16bb5d41",
                "sha256:5594efbdc35426e35a7defa1ea1a1cb97c7dbd34c0e49af7fb593a36bd45edab",
                "sha256:5b879eb439094751185d1cfdca43023bc6786bd3c60372462b6f051efa6281a5",
                "sha256:78dd85caaab7c3153054756b9fe8c611efa63d9e7aecfa33e533060cb14b6d16",
                "sha256:792f7eb540ba9a17e8656538701d3eb1afcb134e3b45b71f20b25c77a8db7e6e",
                "sha256:8ce13ffed7e66dda0da3e0b2eb1bdfc83f5812f66e09aca2b0978593ed636b6c",
                "sha256:a05da0430bd5ced89176db098567973be52ce175a55677436a271102d7eaa3fe",
                "sha256:a983526af1bea1e4cf6768e649990f28ee4f4137266921c2c3cee8116ae42ec3",
                "sha256:bc4d4123830a2d190e9cc42a2e43570f82ace35c3aeb26a512a2102bce5af7ec",
                "sha256:c3a73f66b6d5ba7288cd5d6dad9b4c9b43f4e8a4b789a94bf5abfb878c663eb3",
                "sha256:ce957f1d6b78a8a231b18e0dd2d94a33d2ba738cd88a7fe64f53f659eea49fdd",
                "sha256:cea1b2542d4e2c02c332e83150e41e3ca80dc0fb8de20df3c5e98e242156222c",
                "sha256:d2c21d439b2baf7aa80d6dd4e3659259be64c6f49dfd0f32091063db0e006db4",
                "sha256:d839150f61d09e7217f52917259831fe2b689f5c8e5e32611736351b89bb2a90",
                "sha256:dd82842bb272297503cbec1a2600b6bfb338dae017186f8f215c8958f8acf869",
                "sha256:e8166b7bfe5dcb56d325385bd1d1e0f635f24aae14b3ae437102dedc0c186747",
                "sha256:e981e20ec152dfb3e77418fb616077937378b322d7b26aa1ff87717fb18b4875"
            ],
            "index": "pypi",
            "version": "==22.8.0"
        },
        "click": {
            "hashes": [
                "sha256:7682dc8afb30297001674575ea00d1814d808d6a36af415a82bd481d37ba7b8e",
                "sha256:bb4d8133cb15a609f44e8213d9b391b0809795062913b383c62be0ee95b1db48"
            ],
            "markers": "python_version >= '3.7'",
            "version": "==8.1.3"
        },
        "mypy-extensions": {
            "hashes": [
                "sha256:090fedd75945a69ae91ce1303b5824f428daf5a028d2f6ab8a299250a846f15d",
                "sha256:2d82818f5bb3e369420cb3c4060a7970edba416647068eb4c5343488a6c604a8"
            ],
            "version": "==0.4.3"
        },
        "pathspec": {
            "hashes": [
                "sha256:46846318467efc4556ccfd27816e004270a9eeeeb4d062ce5e6fc7a87c573f93",
                "sha256:7ace6161b621d31e7902eb6b5ae148d12cfd23f4a249b9ffb6b9fee12084323d"
            ],
            "markers": "python_version >= '3.7'",
            "version": "==0.10.1"
        },
        "platformdirs": {
            "hashes": [
                "sha256:027d8e83a2d7de06bbac4e5ef7e023c02b863d7ea5d079477e722bb41ab25788",
                "sha256:58c8abb07dcb441e6ee4b11d8df0ac856038f944ab98b7be6b27b2a3c7feef19"
            ],
            "markers": "python_version >= '3.7'",
            "version": "==2.5.2"
        },
        "tomli": {
            "hashes": [
                "sha256:939de3e7a6161af0c887ef91b7d41a53e7c5a1ca976325f429cb46ea9bc30ecc",
                "sha256:de526c12914f0c550d15924c62d72abc48d6fe7364aa87328337a31007fe8a4f"
            ],
            "markers": "python_full_version < '3.11.0a7'",
            "version": "==2.0.1"
        }
    }
}
